
Microsoft Visual Studio Solution File, Format Version 12.00
# Visual Studio Version 16
VisualStudioVersion = 16.0.33927.289
MinimumVisualStudioVersion = 10.0.40219.1
Project("{FAE04EC0-301F-11D3-BF4B-00C04F79EFBC}") = "FutureSathi", "FutureSathi\FutureSathi.csproj", "{C2A67686-DD8A-4D4C-A732-356701BAFF3C}"
EndProject
Global
	GlobalSection(SolutionConfigurationPlatforms) = preSolution
		Debug|Any CPU = Debug|Any CPU
		Release|Any CPU = Release|Any CPU
	EndGlobalSection
	GlobalSection(ProjectConfigurationPlatforms) = postSolution
		{C2A67686-DD8A-4D4C-A732-356701BAFF3C}.Debug|Any CPU.ActiveCfg = Debug|Any CPU
		{C2A67686-DD8A-4D4C-A732-356701BAFF3C}.Debug|Any CPU.Build.0 = Debug|Any CPU
		{C2A67686-DD8A-4D4C-A732-356701BAFF3C}.Release|Any CPU.ActiveCfg = Release|Any CPU
		{C2A67686-DD8A-4D4C-A732-356701BAFF3C}.Release|Any CPU.Build.0 = Release|Any CPU
	EndGlobalSection
	GlobalSection(SolutionProperties) = preSolution
		HideSolutionNode = FALSE
	EndGlobalSection
	GlobalSection(ExtensibilityGlobals) = postSolution
		SolutionGuid = {2D6695CC-A1E2-4A3F-9293-B59815CD9572}
	EndGlobalSection
EndGlobal
